// !$*UTF8*$!
{
	archiveVersion = 1;
	classes = {
	};
	objectVersion = 55;
	objects = {

/* Begin PBXBuildFile section */
		44E80337267B2F2200D5463B /* QuotesApp.swift in Sources */ = {isa = PBXBuildFile; fileRef = 44E80336267B2F2200D5463B /* QuotesApp.swift */; };
		44E8033E267B2F2600D5463B /* Preview Assets.xcassets in Resources */ = {isa = PBXBuildFile; fileRef = 44E8033D267B2F2600D5463B /* Preview Assets.xcassets */; };
		44E8034A267B302600D5463B /* CustomTabView.swift in Sources */ = {isa = PBXBuildFile; fileRef = 44E80349267B302600D5463B /* CustomTabView.swift */; };
		44E8034E267B3D2800D5463B /* HomeView.swift in Sources */ = {isa = PBXBuildFile; fileRef = 44E8034D267B3D2800D5463B /* HomeView.swift */; };
		44E80350267B3D3F00D5463B /* ExploreView.swift in Sources */ = {isa = PBXBuildFile; fileRef = 44E8034F267B3D3F00D5463B /* ExploreView.swift */; };
		44E80353267B57BD00D5463B /* QuotesModel.swift in Sources */ = {isa = PBXBuildFile; fileRef = 44E80352267B57BD00D5463B /* QuotesModel.swift */; };
		44E80358267B663800D5463B /* QuotesViewModel.swift in Sources */ = {isa = PBXBuildFile; fileRef = 44E80357267B663800D5463B /* QuotesViewModel.swift */; };
		44E8035A267B6B7200D5463B /* Constants.swift in Sources */ = {isa = PBXBuildFile; fileRef = 44E80359267B6B7200D5463B /* Constants.swift */; };
		44E8035C267BACCA00D5463B /* AuthorsModel.swift in Sources */ = {isa = PBXBuildFile; fileRef = 44E8035B267BACCA00D5463B /* AuthorsModel.swift */; };
		44E8035E267BAE1400D5463B /* AuthorsViewModel.swift in Sources */ = {isa = PBXBuildFile; fileRef = 44E8035D267BAE1400D5463B /* AuthorsViewModel.swift */; };
		44E80360267C350300D5463B /* QuoteCardView.swift in Sources */ = {isa = PBXBuildFile; fileRef = 44E8035F267C350300D5463B /* QuoteCardView.swift */; };
		44E80387267D863B00D5463B /* PlayfairDisplay-Bold.otf in Resources */ = {isa = PBXBuildFile; fileRef = 44E8037B267D863900D5463B /* PlayfairDisplay-Bold.otf */; };
		44E80388267D863B00D5463B /* PlayfairDisplay-Black.otf in Resources */ = {isa = PBXBuildFile; fileRef = 44E8037C267D863900D5463B /* PlayfairDisplay-Black.otf */; };
		44E80389267D863B00D5463B /* PlayfairDisplay-Italic.otf in Resources */ = {isa = PBXBuildFile; fileRef = 44E8037D267D863A00D5463B /* PlayfairDisplay-Italic.otf */; };
		44E8038A267D863B00D5463B /* PlayfairDisplay-Regular.otf in Resources */ = {isa = PBXBuildFile; fileRef = 44E8037E267D863A00D5463B /* PlayfairDisplay-Regular.otf */; };
		44E8038C267D863B00D5463B /* PlayfairDisplay-BlackItalic.otf in Resources */ = {isa = PBXBuildFile; fileRef = 44E80380267D863A00D5463B /* PlayfairDisplay-BlackItalic.otf */; };
		44E80390267D863B00D5463B /* PlayfairDisplay-BoldItalic.otf in Resources */ = {isa = PBXBuildFile; fileRef = 44E80384267D863A00D5463B /* PlayfairDisplay-BoldItalic.otf */; };
		44E80396267D9FC100D5463B /* QuoteDetailView.swift in Sources */ = {isa = PBXBuildFile; fileRef = 44E80395267D9FC100D5463B /* QuoteDetailView.swift */; };
		44E8039A267DC4BE00D5463B /* Assets.xcassets in Resources */ = {isa = PBXBuildFile; fileRef = 44E8033A267B2F2600D5463B /* Assets.xcassets */; };
		44E8039D267DCB6300D5463B /* QuoteDetailCardView.swift in Sources */ = {isa = PBXBuildFile; fileRef = 44E8039C267DCB6300D5463B /* QuoteDetailCardView.swift */; };
		44E8039F267DD4DA00D5463B /* CustomTitleView.swift in Sources */ = {isa = PBXBuildFile; fileRef = 44E8039E267DD4DA00D5463B /* CustomTitleView.swift */; };
		44E803A1267DD6C200D5463B /* AuthorNameView.swift in Sources */ = {isa = PBXBuildFile; fileRef = 44E803A0267DD6C200D5463B /* AuthorNameView.swift */; };
		44E803A3267DEE7A00D5463B /* QuoteTagsView.swift in Sources */ = {isa = PBXBuildFile; fileRef = 44E803A2267DEE7A00D5463B /* QuoteTagsView.swift */; };
		44E803A5267EC4B900D5463B /* AuthorDetailView.swift in Sources */ = {isa = PBXBuildFile; fileRef = 44E803A4267EC4B900D5463B /* AuthorDetailView.swift */; };
		44E803A7267ECB7000D5463B /* AuthorInfoView.swift in Sources */ = {isa = PBXBuildFile; fileRef = 44E803A6267ECB7000D5463B /* AuthorInfoView.swift */; };
		44E803A9267ED97200D5463B /* InfoCardView.swift in Sources */ = {isa = PBXBuildFile; fileRef = 44E803A8267ED97200D5463B /* InfoCardView.swift */; };
		44E803AB267EFFC300D5463B /* AuthorQuoteListView.swift in Sources */ = {isa = PBXBuildFile; fileRef = 44E803AA267EFFC300D5463B /* AuthorQuoteListView.swift */; };
		44E803AE267F1AD100D5463B /* Launch Screen.storyboard in Resources */ = {isa = PBXBuildFile; fileRef = 44E803AC267F19F200D5463B /* Launch Screen.storyboard */; };
/* End PBXBuildFile section */

/* Begin PBXFileReference section */
		44E80333267B2F2200D5463B /* Quotes.app */ = {isa = PBXFileReference; explicitFileType = wrapper.application; includeInIndex = 0; path = Quotes.app; sourceTree = BUILT_PRODUCTS_DIR; };
		44E80336267B2F2200D5463B /* QuotesApp.swift */ = {isa = PBXFileReference; lastKnownFileType = sourcecode.swift; path = QuotesApp.swift; sourceTree = "<group>"; };
		44E8033A267B2F2600D5463B /* Assets.xcassets */ = {isa = PBXFileReference; lastKnownFileType = folder.assetcatalog; path = Assets.xcassets; sourceTree = "<group>"; };
		44E8033D267B2F2600D5463B /* Preview Assets.xcassets */ = {isa = PBXFileReference; lastKnownFileType = folder.assetcatalog; path = "Preview Assets.xcassets"; sourceTree = "<group>"; };
		44E80349267B302600D5463B /* CustomTabView.swift */ = {isa = PBXFileReference; lastKnownFileType = sourcecode.swift; path = CustomTabView.swift; sourceTree = "<group>"; };
		44E8034D267B3D2800D5463B /* HomeView.swift */ = {isa = PBXFileReference; lastKnownFileType = sourcecode.swift; path = HomeView.swift; sourceTree = "<group>"; };
		44E8034F267B3D3F00D5463B /* ExploreView.swift */ = {isa = PBXFileReference; lastKnownFileType = sourcecode.swift; path = ExploreView.swift; sourceTree = "<group>"; };
		44E80352267B57BD00D5463B /* QuotesModel.swift */ = {isa = PBXFileReference; lastKnownFileType = sourcecode.swift; path = QuotesModel.swift; sourceTree = "<group>"; };
		44E80357267B663800D5463B /* QuotesViewModel.swift */ = {isa = PBXFileReference; lastKnownFileType = sourcecode.swift; path = QuotesViewModel.swift; sourceTree = "<group>"; };
		44E80359267B6B7200D5463B /* Constants.swift */ = {isa = PBXFileReference; lastKnownFileType = sourcecode.swift; path = Constants.swift; sourceTree = "<group>"; };
		44E8035B267BACCA00D5463B /* AuthorsModel.swift */ = {isa = PBXFileReference; lastKnownFileType = sourcecode.swift; path = AuthorsModel.swift; sourceTree = "<group>"; };
		44E8035D267BAE1400D5463B /* AuthorsViewModel.swift */ = {isa = PBXFileReference; lastKnownFileType = sourcecode.swift; path = AuthorsViewModel.swift; sourceTree = "<group>"; };
		44E8035F267C350300D5463B /* QuoteCardView.swift */ = {isa = PBXFileReference; lastKnownFileType = sourcecode.swift; path = QuoteCardView.swift; sourceTree = "<group>"; };
		44E8037B267D863900D5463B /* PlayfairDisplay-Bold.otf */ = {isa = PBXFileReference; lastKnownFileType = file; path = "PlayfairDisplay-Bold.otf"; sourceTree = "<group>"; };
		44E8037C267D863900D5463B /* PlayfairDisplay-Black.otf */ = {isa = PBXFileReference; lastKnownFileType = file; path = "PlayfairDisplay-Black.otf"; sourceTree = "<group>"; };
		44E8037D267D863A00D5463B /* PlayfairDisplay-Italic.otf */ = {isa = PBXFileReference; lastKnownFileType = file; path = "PlayfairDisplay-Italic.otf"; sourceTree = "<group>"; };
		44E8037E267D863A00D5463B /* PlayfairDisplay-Regular.otf */ = {isa = PBXFileReference; lastKnownFileType = file; path = "PlayfairDisplay-Regular.otf"; sourceTree = "<group>"; };
		44E80380267D863A00D5463B /* PlayfairDisplay-BlackItalic.otf */ = {isa = PBXFileReference; lastKnownFileType = file; path = "PlayfairDisplay-BlackItalic.otf"; sourceTree = "<group>"; };
		44E80384267D863A00D5463B /* PlayfairDisplay-BoldItalic.otf */ = {isa = PBXFileReference; lastKnownFileType = file; path = "PlayfairDisplay-BoldItalic.otf"; sourceTree = "<group>"; };
		44E80393267D885600D5463B /* Info.plist */ = {isa = PBXFileReference; lastKnownFileType = text.plist.xml; path = Info.plist; sourceTree = "<group>"; };
		44E80395267D9FC100D5463B /* QuoteDetailView.swift */ = {isa = PBXFileReference; lastKnownFileType = sourcecode.swift; path = QuoteDetailView.swift; sourceTree = "<group>"; };
		44E8039C267DCB6300D5463B /* QuoteDetailCardView.swift */ = {isa = PBXFileReference; lastKnownFileType = sourcecode.swift; path = QuoteDetailCardView.swift; sourceTree = "<group>"; };
		44E8039E267DD4DA00D5463B /* CustomTitleView.swift */ = {isa = PBXFileReference; lastKnownFileType = sourcecode.swift; path = CustomTitleView.swift; sourceTree = "<group>"; };
		44E803A0267DD6C200D5463B /* AuthorNameView.swift */ = {isa = PBXFileReference; lastKnownFileType = sourcecode.swift; path = AuthorNameView.swift; sourceTree = "<group>"; };
		44E803A2267DEE7A00D5463B /* QuoteTagsView.swift */ = {isa = PBXFileReference; lastKnownFileType = sourcecode.swift; path = QuoteTagsView.swift; sourceTree = "<group>"; };
		44E803A4267EC4B900D5463B /* AuthorDetailView.swift */ = {isa = PBXFileReference; lastKnownFileType = sourcecode.swift; path = AuthorDetailView.swift; sourceTree = "<group>"; };
		44E803A6267ECB7000D5463B /* AuthorInfoView.swift */ = {isa = PBXFileReference; lastKnownFileType = sourcecode.swift; path = AuthorInfoView.swift; sourceTree = "<group>"; };
		44E803A8267ED97200D5463B /* InfoCardView.swift */ = {isa = PBXFileReference; lastKnownFileType = sourcecode.swift; path = InfoCardView.swift; sourceTree = "<group>"; };
		44E803AA267EFFC300D5463B /* AuthorQuoteListView.swift */ = {isa = PBXFileReference; lastKnownFileType = sourcecode.swift; path = AuthorQuoteListView.swift; sourceTree = "<group>"; };
		44E803AC267F19F200D5463B /* Launch Screen.storyboard */ = {isa = PBXFileReference; lastKnownFileType = file.storyboard; path = "Launch Screen.storyboard"; sourceTree = "<group>"; };
/* End PBXFileReference section */

/* Begin PBXFrameworksBuildPhase section */
		44E80330267B2F2200D5463B /* Frameworks */ = {
			isa = PBXFrameworksBuildPhase;
			buildActionMask = 2147483647;
			files = (
			);
			runOnlyForDeploymentPostprocessing = 0;
		};
/* End PBXFrameworksBuildPhase section */

/* Begin PBXGroup section */
		44E8032A267B2F2100D5463B = {
			isa = PBXGroup;
			children = (
				44E80335267B2F2200D5463B /* Quotes */,
				44E80334267B2F2200D5463B /* Products */,
			);
			sourceTree = "<group>";
		};
		44E80334267B2F2200D5463B /* Products */ = {
			isa = PBXGroup;
			children = (
				44E80333267B2F2200D5463B /* Quotes.app */,
			);
			name = Products;
			sourceTree = "<group>";
		};
		44E80335267B2F2200D5463B /* Quotes */ = {
			isa = PBXGroup;
			children = (
				44E80361267D85D300D5463B /* Resources */,
				44E80351267B3F9600D5463B /* App */,
				44E80348267B2F7300D5463B /* ViewModel */,
				44E80347267B2F6800D5463B /* Utils */,
				44E80344267B2F4900D5463B /* Model */,
				44E80346267B2F5800D5463B /* View */,
				44E80394267D89E400D5463B /* SupportingFiles */,
				44E8033C267B2F2600D5463B /* Preview Content */,
			);
			path = Quotes;
			sourceTree = "<group>";
		};
		44E8033C267B2F2600D5463B /* Preview Content */ = {
			isa = PBXGroup;
			children = (
				44E8033D267B2F2600D5463B /* Preview Assets.xcassets */,
			);
			path = "Preview Content";
			sourceTree = "<group>";
		};
		44E80344267B2F4900D5463B /* Model */ = {
			isa = PBXGroup;
			children = (
				44E80352267B57BD00D5463B /* QuotesModel.swift */,
				44E8035B267BACCA00D5463B /* AuthorsModel.swift */,
			);
			path = Model;
			sourceTree = "<group>";
		};
		44E80346267B2F5800D5463B /* View */ = {
			isa = PBXGroup;
			children = (
				44E8034B267B3D0300D5463B /* Home */,
				44E8034C267B3D0B00D5463B /* Explore */,
			);
			path = View;
			sourceTree = "<group>";
		};
		44E80347267B2F6800D5463B /* Utils */ = {
			isa = PBXGroup;
			children = (
				44E80359267B6B7200D5463B /* Constants.swift */,
			);
			path = Utils;
			sourceTree = "<group>";
		};
		44E80348267B2F7300D5463B /* ViewModel */ = {
			isa = PBXGroup;
			children = (
				44E80357267B663800D5463B /* QuotesViewModel.swift */,
				44E8035D267BAE1400D5463B /* AuthorsViewModel.swift */,
			);
			path = ViewModel;
			sourceTree = "<group>";
		};
		44E8034B267B3D0300D5463B /* Home */ = {
			isa = PBXGroup;
			children = (
				44E8035F267C350300D5463B /* QuoteCardView.swift */,
				44E8039C267DCB6300D5463B /* QuoteDetailCardView.swift */,
				44E8039E267DD4DA00D5463B /* CustomTitleView.swift */,
				44E803A0267DD6C200D5463B /* AuthorNameView.swift */,
				44E803A2267DEE7A00D5463B /* QuoteTagsView.swift */,
				44E803A6267ECB7000D5463B /* AuthorInfoView.swift */,
				44E803A8267ED97200D5463B /* InfoCardView.swift */,
			);
			path = Home;
			sourceTree = "<group>";
		};
		44E8034C267B3D0B00D5463B /* Explore */ = {
			isa = PBXGroup;
			children = (
			);
			path = Explore;
			sourceTree = "<group>";
		};
		44E80351267B3F9600D5463B /* App */ = {
			isa = PBXGroup;
			children = (
				44E8034D267B3D2800D5463B /* HomeView.swift */,
				44E80395267D9FC100D5463B /* QuoteDetailView.swift */,
				44E803A4267EC4B900D5463B /* AuthorDetailView.swift */,
				44E803AA267EFFC300D5463B /* AuthorQuoteListView.swift */,
				44E8034F267B3D3F00D5463B /* ExploreView.swift */,
				44E80349267B302600D5463B /* CustomTabView.swift */,
				44E80336267B2F2200D5463B /* QuotesApp.swift */,
			);
			path = App;
			sourceTree = "<group>";
		};
		44E80361267D85D300D5463B /* Resources */ = {
			isa = PBXGroup;
			children = (
				44E80362267D85DE00D5463B /* Fonts */,
			);
			path = Resources;
			sourceTree = "<group>";
		};
		44E80362267D85DE00D5463B /* Fonts */ = {
			isa = PBXGroup;
			children = (
				44E8037C267D863900D5463B /* PlayfairDisplay-Black.otf */,
				44E80380267D863A00D5463B /* PlayfairDisplay-BlackItalic.otf */,
				44E8037B267D863900D5463B /* PlayfairDisplay-Bold.otf */,
				44E80384267D863A00D5463B /* PlayfairDisplay-BoldItalic.otf */,
				44E8037D267D863A00D5463B /* PlayfairDisplay-Italic.otf */,
				44E8037E267D863A00D5463B /* PlayfairDisplay-Regular.otf */,
			);
			path = Fonts;
			sourceTree = "<group>";
		};
		44E80394267D89E400D5463B /* SupportingFiles */ = {
			isa = PBXGroup;
			children = (
				44E803AC267F19F200D5463B /* Launch Screen.storyboard */,
				44E80393267D885600D5463B /* Info.plist */,
				44E8033A267B2F2600D5463B /* Assets.xcassets */,
			);
			path = SupportingFiles;
			sourceTree = "<group>";
		};
/* End PBXGroup section */

/* Begin PBXNativeTarget section */
		44E80332267B2F2200D5463B /* Quotes */ = {
			isa = PBXNativeTarget;
			buildConfigurationList = 44E80341267B2F2600D5463B /* Build configuration list for PBXNativeTarget "Quotes" */;
			buildPhases = (
				44E8032F267B2F2200D5463B /* Sources */,
				44E80330267B2F2200D5463B /* Frameworks */,
				44E80331267B2F2200D5463B /* Resources */,
			);
			buildRules = (
			);
			dependencies = (
			);
			name = Quotes;
			productName = Quotes;
			productReference = 44E80333267B2F2200D5463B /* Quotes.app */;
			productType = "com.apple.product-type.application";
		};
/* End PBXNativeTarget section */

/* Begin PBXProject section */
		44E8032B267B2F2100D5463B /* Project object */ = {
			isa = PBXProject;
			attributes = {
				BuildIndependentTargetsInParallel = 1;
				LastSwiftUpdateCheck = 1300;
				LastUpgradeCheck = 1300;
				TargetAttributes = {
					44E80332267B2F2200D5463B = {
						CreatedOnToolsVersion = 13.0;
					};
				};
			};
			buildConfigurationList = 44E8032E267B2F2100D5463B /* Build configuration list for PBXProject "Quotes" */;
			compatibilityVersion = "Xcode 13.0";
			developmentRegion = en;
			hasScannedForEncodings = 0;
			knownRegions = (
				en,
				Base,
			);
			mainGroup = 44E8032A267B2F2100D5463B;
			productRefGroup = 44E80334267B2F2200D5463B /* Products */;
			projectDirPath = "";
			projectRoot = "";
			targets = (
				44E80332267B2F2200D5463B /* Quotes */,
			);
		};
/* End PBXProject section */

/* Begin PBXResourcesBuildPhase section */
		44E80331267B2F2200D5463B /* Resources */ = {
			isa = PBXResourcesBuildPhase;
			buildActionMask = 2147483647;
			files = (
				44E80389267D863B00D5463B /* PlayfairDisplay-Italic.otf in Resources */,
				44E80388267D863B00D5463B /* PlayfairDisplay-Black.otf in Resources */,
				44E8033E267B2F2600D5463B /* Preview Assets.xcassets in Resources */,
				44E803AE267F1AD100D5463B /* Launch Screen.storyboard in Resources */,
				44E80390267D863B00D5463B /* PlayfairDisplay-BoldItalic.otf in Resources */,
				44E8038C267D863B00D5463B /* PlayfairDisplay-BlackItalic.otf in Resources */,
				44E80387267D863B00D5463B /* PlayfairDisplay-Bold.otf in Resources */,
				44E8039A267DC4BE00D5463B /* Assets.xcassets in Resources */,
				44E8038A267D863B00D5463B /* PlayfairDisplay-Regular.otf in Resources */,
			);
			runOnlyForDeploymentPostprocessing = 0;
		};
/* End PBXResourcesBuildPhase section */

/* Begin PBXSourcesBuildPhase section */
		44E8032F267B2F2200D5463B /* Sources */ = {
			isa = PBXSourcesBuildPhase;
			buildActionMask = 2147483647;
			files = (
				44E8035E267BAE1400D5463B /* AuthorsViewModel.swift in Sources */,
				44E80360267C350300D5463B /* QuoteCardView.swift in Sources */,
				44E803A5267EC4B900D5463B /* AuthorDetailView.swift in Sources */,
				44E803A7267ECB7000D5463B /* AuthorInfoView.swift in Sources */,
				44E8039F267DD4DA00D5463B /* CustomTitleView.swift in Sources */,
				44E803A3267DEE7A00D5463B /* QuoteTagsView.swift in Sources */,
				44E80353267B57BD00D5463B /* QuotesModel.swift in Sources */,
				44E8034E267B3D2800D5463B /* HomeView.swift in Sources */,
				44E8034A267B302600D5463B /* CustomTabView.swift in Sources */,
				44E80358267B663800D5463B /* QuotesViewModel.swift in Sources */,
				44E803A9267ED97200D5463B /* InfoCardView.swift in Sources */,
				44E8039D267DCB6300D5463B /* QuoteDetailCardView.swift in Sources */,
				44E8035C267BACCA00D5463B /* AuthorsModel.swift in Sources */,
				44E8035A267B6B7200D5463B /* Constants.swift in Sources */,
				44E803A1267DD6C200D5463B /* AuthorNameView.swift in Sources */,
				44E80350267B3D3F00D5463B /* ExploreView.swift in Sources */,
				44E80396267D9FC100D5463B /* QuoteDetailView.swift in Sources */,
				44E803AB267EFFC300D5463B /* AuthorQuoteListView.swift in Sources */,
				44E80337267B2F2200D5463B /* QuotesApp.swift in Sources */,
			);
			runOnlyForDeploymentPostprocessing = 0;
		};
/* End PBXSourcesBuildPhase section */

/* Begin XCBuildConfiguration section */
		44E8033F267B2F2600D5463B /* Debug */ = {
			isa = XCBuildConfiguration;
			buildSettings = {
				ALWAYS_SEARCH_USER_PATHS = NO;
				CLANG_ANALYZER_NONNULL = YES;
				CLANG_ANALYZER_NUMBER_OBJECT_CONVERSION = YES_AGGRESSIVE;
				CLANG_CXX_LANGUAGE_STANDARD = "gnu++14";
				CLANG_CXX_LIBRARY = "libc++";
				CLANG_ENABLE_MODULES = YES;
				CLANG_ENABLE_OBJC_ARC = YES;
				CLANG_ENABLE_OBJC_WEAK = YES;
				CLANG_WARN_BLOCK_CAPTURE_AUTORELEASING = YES;
				CLANG_WARN_BOOL_CONVERSION = YES;
				CLANG_WARN_COMMA = YES;
				CLANG_WARN_CONSTANT_CONVERSION = YES;
				CLANG_WARN_DEPRECATED_OBJC_IMPLEMENTATIONS = YES;
				CLANG_WARN_DIRECT_OBJC_ISA_USAGE = YES_ERROR;
				CLANG_WARN_DOCUMENTATION_COMMENTS = YES;
				CLANG_WARN_EMPTY_BODY = YES;
				CLANG_WARN_ENUM_CONVERSION = YES;
				CLANG_WARN_INFINITE_RECURSION = YES;
				CLANG_WARN_INT_CONVERSION = YES;
				CLANG_WARN_NON_LITERAL_NULL_CONVERSION = YES;
				CLANG_WARN_OBJC_IMPLICIT_RETAIN_SELF = YES;
				CLANG_WARN_OBJC_LITERAL_CONVERSION = YES;
				CLANG_WARN_OBJC_ROOT_CLASS = YES_ERROR;
				CLANG_WARN_QUOTED_INCLUDE_IN_FRAMEWORK_HEADER = YES;
				CLANG_WARN_RANGE_LOOP_ANALYSIS = YES;
				CLANG_WARN_STRICT_PROTOTYPES = YES;
				CLANG_WARN_SUSPICIOUS_MOVE = YES;
				CLANG_WARN_UNGUARDED_AVAILABILITY = YES_AGGRESSIVE;
				CLANG_WARN_UNREACHABLE_CODE = YES;
				CLANG_WARN__DUPLICATE_METHOD_MATCH = YES;
				COPY_PHASE_STRIP = NO;
				DEBUG_INFORMATION_FORMAT = dwarf;
				ENABLE_STRICT_OBJC_MSGSEND = YES;
				ENABLE_TESTABILITY = YES;
				GCC_C_LANGUAGE_STANDARD = gnu11;
				GCC_DYNAMIC_NO_PIC = NO;
				GCC_NO_COMMON_BLOCKS = YES;
				GCC_OPTIMIZATION_LEVEL = 0;
				GCC_PREPROCESSOR_DEFINITIONS = (
					"DEBUG=1",
					"$(inherited)",
				);
				GCC_WARN_64_TO_32_BIT_CONVERSION = YES;
				GCC_WARN_ABOUT_RETURN_TYPE = YES_ERROR;
				GCC_WARN_UNDECLARED_SELECTOR = YES;
				GCC_WARN_UNINITIALIZED_AUTOS = YES_AGGRESSIVE;
				GCC_WARN_UNUSED_FUNCTION = YES;
				GCC_WARN_UNUSED_VARIABLE = YES;
				IPHONEOS_DEPLOYMENT_TARGET = 15.0;
				MTL_ENABLE_DEBUG_INFO = INCLUDE_SOURCE;
				MTL_FAST_MATH = YES;
				ONLY_ACTIVE_ARCH = YES;
				SDKROOT = iphoneos;
				SWIFT_ACTIVE_COMPILATION_CONDITIONS = DEBUG;
				SWIFT_OPTIMIZATION_LEVEL = "-Onone";
			};
			name = Debug;
		};
		44E80340267B2F2600D5463B /* Release */ = {
			isa = XCBuildConfiguration;
			buildSettings = {
				ALWAYS_SEARCH_USER_PATHS = NO;
				CLANG_ANALYZER_NONNULL = YES;
				CLANG_ANALYZER_NUMBER_OBJECT_CONVERSION = YES_AGGRESSIVE;
				CLANG_CXX_LANGUAGE_STANDARD = "gnu++14";
				CLANG_CXX_LIBRARY = "libc++";
				CLANG_ENABLE_MODULES = YES;
				CLANG_ENABLE_OBJC_ARC = YES;
				CLANG_ENABLE_OBJC_WEAK = YES;
				CLANG_WARN_BLOCK_CAPTURE_AUTORELEASING = YES;
				CLANG_WARN_BOOL_CONVERSION = YES;
				CLANG_WARN_COMMA = YES;
				CLANG_WARN_CONSTANT_CONVERSION = YES;
				CLANG_WARN_DEPRECATED_OBJC_IMPLEMENTATIONS = YES;
				CLANG_WARN_DIRECT_OBJC_ISA_USAGE = YES_ERROR;
				CLANG_WARN_DOCUMENTATION_COMMENTS = YES;
				CLANG_WARN_EMPTY_BODY = YES;
				CLANG_WARN_ENUM_CONVERSION = YES;
				CLANG_WARN_INFINITE_RECURSION = YES;
				CLANG_WARN_INT_CONVERSION = YES;
				CLANG_WARN_NON_LITERAL_NULL_CONVERSION = YES;
				CLANG_WARN_OBJC_IMPLICIT_RETAIN_SELF = YES;
				CLANG_WARN_OBJC_LITERAL_CONVERSION = YES;
				CLANG_WARN_OBJC_ROOT_CLASS = YES_ERROR;
				CLANG_WARN_QUOTED_INCLUDE_IN_FRAMEWORK_HEADER = YES;
				CLANG_WARN_RANGE_LOOP_ANALYSIS = YES;
				CLANG_WARN_STRICT_PROTOTYPES = YES;
				CLANG_WARN_SUSPICIOUS_MOVE = YES;
				CLANG_WARN_UNGUARDED_AVAILABILITY = YES_AGGRESSIVE;
				CLANG_WARN_UNREACHABLE_CODE = YES;
				CLANG_WARN__DUPLICATE_METHOD_MATCH = YES;
				COPY_PHASE_STRIP = NO;
				DEBUG_INFORMATION_FORMAT = "dwarf-with-dsym";
				ENABLE_NS_ASSERTIONS = NO;
				ENABLE_STRICT_OBJC_MSGSEND = YES;
				GCC_C_LANGUAGE_STANDARD = gnu11;
				GCC_NO_COMMON_BLOCKS = YES;
				GCC_WARN_64_TO_32_BIT_CONVERSION = YES;
				GCC_WARN_ABOUT_RETURN_TYPE = YES_ERROR;
				GCC_WARN_UNDECLARED_SELECTOR = YES;
				GCC_WARN_UNINITIALIZED_AUTOS = YES_AGGRESSIVE;
				GCC_WARN_UNUSED_FUNCTION = YES;
				GCC_WARN_UNUSED_VARIABLE = YES;
				IPHONEOS_DEPLOYMENT_TARGET = 15.0;
				MTL_ENABLE_DEBUG_INFO = NO;
				MTL_FAST_MATH = YES;
				SDKROOT = iphoneos;
				SWIFT_COMPILATION_MODE = wholemodule;
				SWIFT_OPTIMIZATION_LEVEL = "-O";
				VALIDATE_PRODUCT = YES;
			};
			name = Release;
		};
		44E80342267B2F2600D5463B /* Debug */ = {
			isa = XCBuildConfiguration;
			buildSettings = {
				ASSETCATALOG_COMPILER_APPICON_NAME = AppIcon;
				ASSETCATALOG_COMPILER_GLOBAL_ACCENT_COLOR_NAME = AccentColor;
				CODE_SIGN_STYLE = Automatic;
				CURRENT_PROJECT_VERSION = 1;
				DEVELOPMENT_ASSET_PATHS = "\"Quotes/Preview Content\"";
				DEVELOPMENT_TEAM = 9W5STY688V;
				ENABLE_PREVIEWS = YES;
				GENERATE_INFOPLIST_FILE = YES;
				INFOPLIST_FILE = Quotes/SupportingFiles/Info.plist;
				INFOPLIST_KEY_CFBundleExecutable = Quotes;
				INFOPLIST_KEY_CFBundleName = Quotes;
				INFOPLIST_KEY_CFBundleVersion = 1;
				INFOPLIST_KEY_UIApplicationSceneManifest_Generation = YES;
				INFOPLIST_KEY_UIApplicationSupportsIndirectInputEvents = YES;
				INFOPLIST_KEY_UILaunchScreen_Generation = NO;
				INFOPLIST_KEY_UILaunchStoryboardName = "Launch Screen";
				INFOPLIST_KEY_UISupportedInterfaceOrientations_iPad = "UIInterfaceOrientationPortrait UIInterfaceOrientationPortraitUpsideDown UIInterfaceOrientationLandscapeLeft UIInterfaceOrientationLandscapeRight";
				INFOPLIST_KEY_UISupportedInterfaceOrientations_iPhone = "UIInterfaceOrientationPortrait UIInterfaceOrientationLandscapeLeft UIInterfaceOrientationLandscapeRight";
				IPHONEOS_DEPLOYMENT_TARGET = 15.0;
				LD_RUNPATH_SEARCH_PATHS = (
					"$(inherited)",
					"@executable_path/Frameworks",
				);
				MARKETING_VERSION = 1.0;
				PRODUCT_BUNDLE_IDENTIFIER = com.dheerajdev.Quotes;
				PRODUCT_NAME = "$(TARGET_NAME)";
				SWIFT_EMIT_LOC_STRINGS = YES;
				SWIFT_VERSION = 5.0;
				TARGETED_DEVICE_FAMILY = 1;
			};
			name = Debug;
		};
		44E80343267B2F2600D5463B /* Release */ = {
			isa = XCBuildConfiguration;
			buildSettings = {
				ASSETCATALOG_COMPILER_APPICON_NAME = AppIcon;
				ASSETCATALOG_COMPILER_GLOBAL_ACCENT_COLOR_NAME = AccentColor;
				CODE_SIGN_STYLE = Automatic;
				CURRENT_PROJECT_VERSION = 1;
				DEVELOPMENT_ASSET_PATHS = "\"Quotes/Preview Content\"";
				DEVELOPMENT_TEAM = 9W5STY688V;
				ENABLE_PREVIEWS = YES;
				GENERATE_INFOPLIST_FILE = YES;
				INFOPLIST_FILE = Quotes/SupportingFiles/Info.plist;
				INFOPLIST_KEY_CFBundleExecutable = Quotes;
				INFOPLIST_KEY_CFBundleName = Quotes;
				INFOPLIST_KEY_CFBundleVersion = 1;
				INFOPLIST_KEY_UIApplicationSceneManifest_Generation = YES;
				INFOPLIST_KEY_UIApplicationSupportsIndirectInputEvents = YES;
				INFOPLIST_KEY_UILaunchScreen_Generation = NO;
				INFOPLIST_KEY_UILaunchStoryboardName = "Launch Screen";
				INFOPLIST_KEY_UISupportedInterfaceOrientations_iPad = "UIInterfaceOrientationPortrait UIInterfaceOrientationPortraitUpsideDown UIInterfaceOrientationLandscapeLeft UIInterfaceOrientationLandscapeRight";
				INFOPLIST_KEY_UISupportedInterfaceOrientations_iPhone = "UIInterfaceOrientationPortrait UIInterfaceOrientationLandscapeLeft UIInterfaceOrientationLandscapeRight";
				IPHONEOS_DEPLOYMENT_TARGET = 15.0;
				LD_RUNPATH_SEARCH_PATHS = (
					"$(inherited)",
					"@executable_path/Frameworks",
				);
				MARKETING_VERSION = 1.0;
				PRODUCT_BUNDLE_IDENTIFIER = com.dheerajdev.Quotes;
				PRODUCT_NAME = "$(TARGET_NAME)";
				SWIFT_EMIT_LOC_STRINGS = YES;
				SWIFT_VERSION = 5.0;
				TARGETED_DEVICE_FAMILY = 1;
			};
			name = Release;
		};
/* End XCBuildConfiguration section */

/* Begin XCConfigurationList section */
		44E8032E267B2F2100D5463B /* Build configuration list for PBXProject "Quotes" */ = {
			isa = XCConfigurationList;
			buildConfigurations = (
				44E8033F267B2F2600D5463B /* Debug */,
				44E80340267B2F2600D5463B /* Release */,
			);
			defaultConfigurationIsVisible = 0;
			defaultConfigurationName = Release;
		};
		44E80341267B2F2600D5463B /* Build configuration list for PBXNativeTarget "Quotes" */ = {
			isa = XCConfigurationList;
			buildConfigurations = (
				44E80342267B2F2600D5463B /* Debug */,
				44E80343267B2F2600D5463B /* Release */,
			);
			defaultConfigurationIsVisible = 0;
			defaultConfigurationName = Release;
		};
/* End XCConfigurationList section */
	};
	rootObject = 44E8032B267B2F2100D5463B /* Project object */;
}
